
Microsoft Visual Studio Solution File, Format Version 12.00
# Visual Studio 15
VisualStudioVersion = 15.0.27703.2042
MinimumVisualStudioVersion = 10.0.40219.1
Project("{FAE04EC0-301F-11D3-BF4B-00C04F79EFBC}") = "PS_Reflection_001", "PS_Reflection_001\PS_Reflection_001.csproj", "{BA7766BF-35A4-4139-9E8E-2CA2C0F3E2CA}"
EndProject
Project("{FAE04EC0-301F-11D3-BF4B-00C04F79EFBC}") = "BuildRunTime", "BuildRunTime\BuildRunTime.csproj", "{083347F8-0151-4B26-B3F5-4C0BC8257709}"
EndProject
Project("{FAE04EC0-301F-11D3-BF4B-00C04F79EFBC}") = "CallingMethod_002", "CallingMethod_002\CallingMethod_002.csproj", "{B6573F56-2C2C-4D00-8827-21E6040D85D0}"
EndProject
Project("{FAE04EC0-301F-11D3-BF4B-00C04F79EFBC}") = "CallMethod_002", "CallMethod_002\CallMethod_002.csproj", "{16E8EA55-41C2-4444-927D-E2551FA6C76B}"
EndProject
Project("{FAE04EC0-301F-11D3-BF4B-00C04F79EFBC}") = "CallMethod_003", "CallMethod_003\CallMethod_003.csproj", "{FF2D0F9D-A414-4751-A72C-565903954B76}"
EndProject
Global
	GlobalSection(SolutionConfigurationPlatforms) = preSolution
		Debug|Any CPU = Debug|Any CPU
		Release|Any CPU = Release|Any CPU
	EndGlobalSection
	GlobalSection(ProjectConfigurationPlatforms) = postSolution
		{BA7766BF-35A4-4139-9E8E-2CA2C0F3E2CA}.Debug|Any CPU.ActiveCfg = Debug|Any CPU
		{BA7766BF-35A4-4139-9E8E-2CA2C0F3E2CA}.Debug|Any CPU.Build.0 = Debug|Any CPU
		{BA7766BF-35A4-4139-9E8E-2CA2C0F3E2CA}.Release|Any CPU.ActiveCfg = Release|Any CPU
		{BA7766BF-35A4-4139-9E8E-2CA2C0F3E2CA}.Release|Any CPU.Build.0 = Release|Any CPU
		{083347F8-0151-4B26-B3F5-4C0BC8257709}.Debug|Any CPU.ActiveCfg = Debug|Any CPU
		{083347F8-0151-4B26-B3F5-4C0BC8257709}.Debug|Any CPU.Build.0 = Debug|Any CPU
		{083347F8-0151-4B26-B3F5-4C0BC8257709}.Release|Any CPU.ActiveCfg = Release|Any CPU
		{083347F8-0151-4B26-B3F5-4C0BC8257709}.Release|Any CPU.Build.0 = Release|Any CPU
		{B6573F56-2C2C-4D00-8827-21E6040D85D0}.Debug|Any CPU.ActiveCfg = Debug|Any CPU
		{B6573F56-2C2C-4D00-8827-21E6040D85D0}.Debug|Any CPU.Build.0 = Debug|Any CPU
		{B6573F56-2C2C-4D00-8827-21E6040D85D0}.Release|Any CPU.ActiveCfg = Release|Any CPU
		{B6573F56-2C2C-4D00-8827-21E6040D85D0}.Release|Any CPU.Build.0 = Release|Any CPU
		{16E8EA55-41C2-4444-927D-E2551FA6C76B}.Debug|Any CPU.ActiveCfg = Debug|Any CPU
		{16E8EA55-41C2-4444-927D-E2551FA6C76B}.Debug|Any CPU.Build.0 = Debug|Any CPU
		{16E8EA55-41C2-4444-927D-E2551FA6C76B}.Release|Any CPU.ActiveCfg = Release|Any CPU
		{16E8EA55-41C2-4444-927D-E2551FA6C76B}.Release|Any CPU.Build.0 = Release|Any CPU
		{FF2D0F9D-A414-4751-A72C-565903954B76}.Debug|Any CPU.ActiveCfg = Debug|Any CPU
		{FF2D0F9D-A414-4751-A72C-565903954B76}.Debug|Any CPU.Build.0 = Debug|Any CPU
		{FF2D0F9D-A414-4751-A72C-565903954B76}.Release|Any CPU.ActiveCfg = Release|Any CPU
		{FF2D0F9D-A414-4751-A72C-565903954B76}.Release|Any CPU.Build.0 = Release|Any CPU
	EndGlobalSection
	GlobalSection(SolutionProperties) = preSolution
		HideSolutionNode = FALSE
	EndGlobalSection
	GlobalSection(ExtensibilityGlobals) = postSolution
		SolutionGuid = {33A775C5-3CF5-44D3-A745-7B0DB13270D0}
	EndGlobalSection
EndGlobal
